{
  "name": "example-app",
  "lockfileVersion": 3,
  "requires": true,
  "packages": {
    "": {
      "name": "example-app",
      "dependencies": {
        "webrisp": "file:../"
      }
    },
    "..": {
      "name": "webrisp",
      "version": "0.1.5",
      "dependencies": {
        "@preact/signals": "^1.3.0",
        "esbuild": "^0.25.0",
        "preact": "^10.22.0",
        "preact-render-to-string": "^6.5.0"
      },
      "bin": {
        "webrisp": "dist/cli.js"
      },
      "devDependencies": {
        "@types/node": "^22.14.0",
        "tsx": "^4.21.0",
        "typescript": "~5.8.2"
      }
    },
    "node_modules/webrisp": {
      "resolved": "..",
      "link": true
    }
  }
}
